// !$*UTF8*$!
{
	archiveVersion = 1;
	classes = {
	};
	objectVersion = 46;
	objects = {

/* Begin PBXBuildFile section */
		880964F21C19D2EB00C5EBD3 /* SectionRenamorViewController.swift in Sources */ = {isa = PBXBuildFile; fileRef = 880964F11C19D2EB00C5EBD3 /* SectionRenamorViewController.swift */; };
		880964F41C1B17F000C5EBD3 /* AddContent.storyboard in Resources */ = {isa = PBXBuildFile; fileRef = 880964F31C1B17F000C5EBD3 /* AddContent.storyboard */; };
		882B2D121C2821D600013A7B /* DummyViewController.swift in Sources */ = {isa = PBXBuildFile; fileRef = 882B2D111C2821D600013A7B /* DummyViewController.swift */; };
		88504EB21C35DCF8004A8FA9 /* FirstUpViewController.swift in Sources */ = {isa = PBXBuildFile; fileRef = 88504EB11C35DCF8004A8FA9 /* FirstUpViewController.swift */; };
		8851DCE51C2F6FCD007EF73E /* ArrangeThemeTableViewController.swift in Sources */ = {isa = PBXBuildFile; fileRef = 8851DCE41C2F6FCD007EF73E /* ArrangeThemeTableViewController.swift */; };
		885DAD8C1C1B4DCB0015E154 /* ThemePickerViewController.swift in Sources */ = {isa = PBXBuildFile; fileRef = 885DAD8B1C1B4DCB0015E154 /* ThemePickerViewController.swift */; };
		887ED9881BD541D900695C11 /* TitlesTableViewController.swift in Sources */ = {isa = PBXBuildFile; fileRef = 887ED9871BD541D900695C11 /* TitlesTableViewController.swift */; };
		887ED98A1BD5439700695C11 /* SearchCollationSupport.swift in Sources */ = {isa = PBXBuildFile; fileRef = 887ED9891BD5439600695C11 /* SearchCollationSupport.swift */; };
		887ED98C1BD543FC00695C11 /* AdjustableFonts.swift in Sources */ = {isa = PBXBuildFile; fileRef = 887ED98B1BD543FC00695C11 /* AdjustableFonts.swift */; };
		8898ECA71C2B3F3C00FE8DBC /* Settings.storyboard in Resources */ = {isa = PBXBuildFile; fileRef = 8898ECA61C2B3F3C00FE8DBC /* Settings.storyboard */; };
		8898ECA91C2C5D1800FE8DBC /* ThemeArrangerViewController.swift in Sources */ = {isa = PBXBuildFile; fileRef = 8898ECA81C2C5D1800FE8DBC /* ThemeArrangerViewController.swift */; };
		8898ECAB1C2C6BDE00FE8DBC /* ArrangeThemeCollectionViewController.swift in Sources */ = {isa = PBXBuildFile; fileRef = 8898ECAA1C2C6BDE00FE8DBC /* ArrangeThemeCollectionViewController.swift */; };
		889FB5C01C1620A30056858F /* Info.plist in Resources */ = {isa = PBXBuildFile; fileRef = 889FB5BF1C1620A30056858F /* Info.plist */; };
		889FB5C41C1621940056858F /* QuartzCore.framework in Frameworks */ = {isa = PBXBuildFile; fileRef = 889FB5C31C1621940056858F /* QuartzCore.framework */; };
		889FB5C61C16219D0056858F /* CoreGraphics.framework in Frameworks */ = {isa = PBXBuildFile; fileRef = 889FB5C51C16219D0056858F /* CoreGraphics.framework */; };
		889FB5E31C1622F20056858F /* Chameleon_.m in Sources */ = {isa = PBXBuildFile; fileRef = 889FB5CA1C1622F20056858F /* Chameleon_.m */; };
		889FB5E41C1622F20056858F /* ChameleonConstants.m in Sources */ = {isa = PBXBuildFile; fileRef = 889FB5CC1C1622F20056858F /* ChameleonConstants.m */; };
		889FB5E51C1622F20056858F /* NSArray+Chameleon.m in Sources */ = {isa = PBXBuildFile; fileRef = 889FB5D01C1622F20056858F /* NSArray+Chameleon.m */; };
		889FB5E61C1622F20056858F /* UIAppearance+Swift.m in Sources */ = {isa = PBXBuildFile; fileRef = 889FB5D21C1622F20056858F /* UIAppearance+Swift.m */; };
		889FB5E71C1622F20056858F /* UIButton+Chameleon.m in Sources */ = {isa = PBXBuildFile; fileRef = 889FB5D41C1622F20056858F /* UIButton+Chameleon.m */; };
		889FB5E81C1622F20056858F /* UIColor+Chameleon.m in Sources */ = {isa = PBXBuildFile; fileRef = 889FB5D61C1622F20056858F /* UIColor+Chameleon.m */; };
		889FB5E91C1622F20056858F /* UIColor+ChameleonPrivate.m in Sources */ = {isa = PBXBuildFile; fileRef = 889FB5D81C1622F20056858F /* UIColor+ChameleonPrivate.m */; };
		889FB5EA1C1622F20056858F /* UIImage+ChameleonPrivate.m in Sources */ = {isa = PBXBuildFile; fileRef = 889FB5DA1C1622F20056858F /* UIImage+ChameleonPrivate.m */; };
		889FB5EB1C1622F20056858F /* UILabel+Chameleon.m in Sources */ = {isa = PBXBuildFile; fileRef = 889FB5DC1C1622F20056858F /* UILabel+Chameleon.m */; };
		889FB5EC1C1622F20056858F /* UINavigationController+Chameleon.m in Sources */ = {isa = PBXBuildFile; fileRef = 889FB5DE1C1622F20056858F /* UINavigationController+Chameleon.m */; };
		889FB5ED1C1622F20056858F /* UIView+ChameleonPrivate.m in Sources */ = {isa = PBXBuildFile; fileRef = 889FB5E01C1622F20056858F /* UIView+ChameleonPrivate.m */; };
		889FB5EE1C1622F20056858F /* UIViewController+Chameleon.m in Sources */ = {isa = PBXBuildFile; fileRef = 889FB5E21C1622F20056858F /* UIViewController+Chameleon.m */; };
		889FB5F11C1623040056858F /* ChameleonShorthand.swift in Sources */ = {isa = PBXBuildFile; fileRef = 889FB5F01C1623040056858F /* ChameleonShorthand.swift */; };
		889FB5F51C1648630056858F /* CHCSVParser.m in Sources */ = {isa = PBXBuildFile; fileRef = 889FB5F41C1648630056858F /* CHCSVParser.m */; };
		88B8B5741BBAEB7B00801F45 /* Assets.xcassets in Resources */ = {isa = PBXBuildFile; fileRef = 88B8B5731BBAEB7B00801F45 /* Assets.xcassets */; };
		88B8B5771BBAEB7B00801F45 /* LaunchScreen.storyboard in Resources */ = {isa = PBXBuildFile; fileRef = 88B8B5751BBAEB7B00801F45 /* LaunchScreen.storyboard */; };
		88B8B5901BBAEBAC00801F45 /* ShootPhoto.swift in Sources */ = {isa = PBXBuildFile; fileRef = 88B8B57F1BBAEBAC00801F45 /* ShootPhoto.swift */; };
		88B8B5911BBAEBAC00801F45 /* FontSizeAware.swift in Sources */ = {isa = PBXBuildFile; fileRef = 88B8B5801BBAEBAC00801F45 /* FontSizeAware.swift */; };
		88B8B5921BBAEBAC00801F45 /* SegueSupport.swift in Sources */ = {isa = PBXBuildFile; fileRef = 88B8B5811BBAEBAC00801F45 /* SegueSupport.swift */; };
		88B8B5931BBAEBAC00801F45 /* ModelData.swift in Sources */ = {isa = PBXBuildFile; fileRef = 88B8B5821BBAEBAC00801F45 /* ModelData.swift */; };
		88B8B5941BBAEBAC00801F45 /* AddedsViewController.swift in Sources */ = {isa = PBXBuildFile; fileRef = 88B8B5831BBAEBAC00801F45 /* AddedsViewController.swift */; };
		88B8B5951BBAEBAC00801F45 /* MegaListViewController.swift in Sources */ = {isa = PBXBuildFile; fileRef = 88B8B5841BBAEBAC00801F45 /* MegaListViewController.swift */; };
		88B8B5961BBAEBAC00801F45 /* ModalMenuViewController.swift in Sources */ = {isa = PBXBuildFile; fileRef = 88B8B5851BBAEBAC00801F45 /* ModalMenuViewController.swift */; };
		88B8B5971BBAEBAC00801F45 /* Modal2MenuViewController.swift in Sources */ = {isa = PBXBuildFile; fileRef = 88B8B5861BBAEBAC00801F45 /* Modal2MenuViewController.swift */; };
		88B8B5981BBAEBAC00801F45 /* TilesViewController.swift in Sources */ = {isa = PBXBuildFile; fileRef = 88B8B5871BBAEBAC00801F45 /* TilesViewController.swift */; };
		88B8B5991BBAEBAC00801F45 /* EditTilesViewController.swift in Sources */ = {isa = PBXBuildFile; fileRef = 88B8B5881BBAEBAC00801F45 /* EditTilesViewController.swift */; };
		88B8B59A1BBAEBAC00801F45 /* TilePropertiesEditorViewController.swift in Sources */ = {isa = PBXBuildFile; fileRef = 88B8B5891BBAEBAC00801F45 /* TilePropertiesEditorViewController.swift */; };
		88B8B59B1BBAEBAC00801F45 /* RecentsViewController.swift in Sources */ = {isa = PBXBuildFile; fileRef = 88B8B58A1BBAEBAC00801F45 /* RecentsViewController.swift */; };
		88B8B59C1BBAEBAC00801F45 /* Searching.swift in Sources */ = {isa = PBXBuildFile; fileRef = 88B8B58B1BBAEBAC00801F45 /* Searching.swift */; };
		88B8B59D1BBAEBAC00801F45 /* SubEditorViewController.swift in Sources */ = {isa = PBXBuildFile; fileRef = 88B8B58C1BBAEBAC00801F45 /* SubEditorViewController.swift */; };
		88B8B59E1BBAEBAC00801F45 /* SectionsEditorTableViewController.swift in Sources */ = {isa = PBXBuildFile; fileRef = 88B8B58D1BBAEBAC00801F45 /* SectionsEditorTableViewController.swift */; };
		88B8B59F1BBAEBAC00801F45 /* ShowContentViewController.swift in Sources */ = {isa = PBXBuildFile; fileRef = 88B8B58E1BBAEBAC00801F45 /* ShowContentViewController.swift */; };
		88B8B5A11BBAEBD200801F45 /* Main.storyboard in Resources */ = {isa = PBXBuildFile; fileRef = 88B8B5A01BBAEBD200801F45 /* Main.storyboard */; };
		88B8B5A81BBAEF8700801F45 /* Feelin Alright.pages in Resources */ = {isa = PBXBuildFile; fileRef = 88B8B5A41BBAEF8700801F45 /* Feelin Alright.pages */; };
		88B8B5AA1BBAEF8700801F45 /* Smoke On The Water.doc in Resources */ = {isa = PBXBuildFile; fileRef = 88B8B5A61BBAEF8700801F45 /* Smoke On The Water.doc */; };
		88B8B5AB1BBAEF8700801F45 /* Smoke On The Water.jpg in Resources */ = {isa = PBXBuildFile; fileRef = 88B8B5A71BBAEF8700801F45 /* Smoke On The Water.jpg */; };
		88B8B5AF1BBB6A5800801F45 /* PhotoGrabberViewController.swift in Sources */ = {isa = PBXBuildFile; fileRef = 88B8B5AE1BBB6A5800801F45 /* PhotoGrabberViewController.swift */; };
		88C2CD021BCEDA7A00421203 /* Corpus.swift in Sources */ = {isa = PBXBuildFile; fileRef = 88C2CD011BCEDA7A00421203 /* Corpus.swift */; };
		88C2CD041BCEDAAC00421203 /* FileStuff.swift in Sources */ = {isa = PBXBuildFile; fileRef = 88C2CD031BCEDAAC00421203 /* FileStuff.swift */; };
		88C2CD071BCEDB2100421203 /* FileHash.m in Sources */ = {isa = PBXBuildFile; fileRef = 88C2CD061BCEDB2100421203 /* FileHash.m */; };
		88C2CD091BCEEBE400421203 /* SurfaceDataModel.swift in Sources */ = {isa = PBXBuildFile; fileRef = 88C2CD081BCEEBE400421203 /* SurfaceDataModel.swift */; };
		88C2CD0E1BCEF1E300421203 /* SpecialList.swift in Sources */ = {isa = PBXBuildFile; fileRef = 88C2CD0A1BCEF1E300421203 /* SpecialList.swift */; };
		88C2CD0F1BCEF1E300421203 /* Addeds.swift in Sources */ = {isa = PBXBuildFile; fileRef = 88C2CD0B1BCEF1E300421203 /* Addeds.swift */; };
		88C2CD101BCEF1E300421203 /* Recents.swift in Sources */ = {isa = PBXBuildFile; fileRef = 88C2CD0C1BCEF1E300421203 /* Recents.swift */; };
		88C2CD111BCEF1E300421203 /* InterAppCommunications.swift in Sources */ = {isa = PBXBuildFile; fileRef = 88C2CD0D1BCEF1E300421203 /* InterAppCommunications.swift */; };
		88C2CD131BCEF63E00421203 /* Tyle.swift in Sources */ = {isa = PBXBuildFile; fileRef = 88C2CD121BCEF63E00421203 /* Tyle.swift */; };
		88C2CD151BCEF66C00421203 /* CommonExtensions.swift in Sources */ = {isa = PBXBuildFile; fileRef = 88C2CD141BCEF66C00421203 /* CommonExtensions.swift */; };
		88C2CD1B1BD046F700421203 /* StartupAnimationViewController.swift in Sources */ = {isa = PBXBuildFile; fileRef = 88C2CD1A1BD046F700421203 /* StartupAnimationViewController.swift */; };
		88C2CD291BD047EA00421203 /* ArcLayer.swift in Sources */ = {isa = PBXBuildFile; fileRef = 88C2CD1C1BD047E900421203 /* ArcLayer.swift */; };
		88C2CD2C1BD047EA00421203 /* Colors.swift in Sources */ = {isa = PBXBuildFile; fileRef = 88C2CD1F1BD047E900421203 /* Colors.swift */; };
		88C2CD2E1BD047EA00421203 /* HolderView.swift in Sources */ = {isa = PBXBuildFile; fileRef = 88C2CD211BD047E900421203 /* HolderView.swift */; };
		88C2CD301BD047EA00421203 /* OvalLayer.swift in Sources */ = {isa = PBXBuildFile; fileRef = 88C2CD231BD047E900421203 /* OvalLayer.swift */; };
		88C2CD321BD047EA00421203 /* RectangleLayer.swift in Sources */ = {isa = PBXBuildFile; fileRef = 88C2CD251BD047E900421203 /* RectangleLayer.swift */; };
		88C2CD331BD047EA00421203 /* SwiftColorPickerViewController.swift in Sources */ = {isa = PBXBuildFile; fileRef = 88C2CD261BD047E900421203 /* SwiftColorPickerViewController.swift */; };
		88C2CD341BD047EA00421203 /* TriangleLayer.swift in Sources */ = {isa = PBXBuildFile; fileRef = 88C2CD271BD047E900421203 /* TriangleLayer.swift */; };
		88C2CD391BD04AF500421203 /* Persistence.swift in Sources */ = {isa = PBXBuildFile; fileRef = 88C2CD381BD04AF500421203 /* Persistence.swift */; };
		88C2CD3B1BD04B2E00421203 /* Versions.swift in Sources */ = {isa = PBXBuildFile; fileRef = 88C2CD3A1BD04B2E00421203 /* Versions.swift */; };
		88C2CD3D1BD04BFB00421203 /* AppDelegate.swift in Sources */ = {isa = PBXBuildFile; fileRef = 88C2CD3C1BD04BFB00421203 /* AppDelegate.swift */; };
		88C2CD3F1BD0510F00421203 /* CommandProcessorViewController.swift in Sources */ = {isa = PBXBuildFile; fileRef = 88C2CD3E1BD0510F00421203 /* CommandProcessorViewController.swift */; };
		88C2CD411BD0642100421203 /* Editing.storyboard in Resources */ = {isa = PBXBuildFile; fileRef = 88C2CD401BD0642100421203 /* Editing.storyboard */; };
		88C2CD451BD4196800421203 /* KeyPickerViewController.swift in Sources */ = {isa = PBXBuildFile; fileRef = 88C2CD441BD4196800421203 /* KeyPickerViewController.swift */; };
		88C2CD4B1BD419AB00421203 /* SettingsViewController.swift in Sources */ = {isa = PBXBuildFile; fileRef = 88C2CD4A1BD419AB00421203 /* SettingsViewController.swift */; };
		88C2CD4D1BD419B700421203 /* TimingsPickerVIewController.swift in Sources */ = {isa = PBXBuildFile; fileRef = 88C2CD4C1BD419B700421203 /* TimingsPickerVIewController.swift */; };
		88C2CD551BD435A400421203 /* SearchPick.swift in Sources */ = {isa = PBXBuildFile; fileRef = 88C2CD541BD435A400421203 /* SearchPick.swift */; };
		88C5EAE51BEBBB3A005FAA88 /* AllDocsViewController.swift in Sources */ = {isa = PBXBuildFile; fileRef = 88C2CD481BD4198B00421203 /* AllDocsViewController.swift */; };
		88C5EAE81BF3E3CB005FAA88 /* libz.1.tbd in Frameworks */ = {isa = PBXBuildFile; fileRef = 88C5EAE71BF3E3CB005FAA88 /* libz.1.tbd */; };
		88C5EAEA1BF3EED2005FAA88 /* TileNotFound.png in Resources */ = {isa = PBXBuildFile; fileRef = 88C5EAE91BF3EED2005FAA88 /* TileNotFound.png */; };
		88E15D071BBC17CB00254C6F /* Incorporator.swift in Sources */ = {isa = PBXBuildFile; fileRef = 88E15D061BBC17CB00254C6F /* Incorporator.swift */; };
		88E15D261BBC3DEB00254C6F /* ZipMain.m in Sources */ = {isa = PBXBuildFile; fileRef = 88E15D251BBC3DEB00254C6F /* ZipMain.m */; };
		88E15D311BBC3E7500254C6F /* ioapi.c in Sources */ = {isa = PBXBuildFile; fileRef = 88E15D291BBC3E7500254C6F /* ioapi.c */; };
		88E15D321BBC3E7500254C6F /* mztools.c in Sources */ = {isa = PBXBuildFile; fileRef = 88E15D2B1BBC3E7500254C6F /* mztools.c */; };
		88E15D331BBC3E7500254C6F /* unzip.c in Sources */ = {isa = PBXBuildFile; fileRef = 88E15D2D1BBC3E7500254C6F /* unzip.c */; };
		88E15D341BBC3E7500254C6F /* zip.c in Sources */ = {isa = PBXBuildFile; fileRef = 88E15D2F1BBC3E7500254C6F /* zip.c */; };
		88E15D381BBC3F6400254C6F /* ImportShareViewController.swift in Sources */ = {isa = PBXBuildFile; fileRef = 88E15D371BBC3F6400254C6F /* ImportShareViewController.swift */; };
		88E15D3A1BBC4F9E00254C6F /* ChooseWebViewController.swift in Sources */ = {isa = PBXBuildFile; fileRef = 88E15D391BBC4F9E00254C6F /* ChooseWebViewController.swift */; };
		88E15D3C1BBC7DB200254C6F /* CameraRollGrabberViewController.swift in Sources */ = {isa = PBXBuildFile; fileRef = 88E15D3B1BBC7DB200254C6F /* CameraRollGrabberViewController.swift */; };
/* End PBXBuildFile section */

/* Begin PBXFileReference section */
		880964F11C19D2EB00C5EBD3 /* SectionRenamorViewController.swift */ = {isa = PBXFileReference; fileEncoding = 4; lastKnownFileType = sourcecode.swift; path = SectionRenamorViewController.swift; sourceTree = "<group>"; };
		880964F31C1B17F000C5EBD3 /* AddContent.storyboard */ = {isa = PBXFileReference; fileEncoding = 4; lastKnownFileType = file.storyboard; path = AddContent.storyboard; sourceTree = "<group>"; };
		882B2D111C2821D600013A7B /* DummyViewController.swift */ = {isa = PBXFileReference; fileEncoding = 4; lastKnownFileType = sourcecode.swift; path = DummyViewController.swift; sourceTree = "<group>"; };
		88504EB11C35DCF8004A8FA9 /* FirstUpViewController.swift */ = {isa = PBXFileReference; fileEncoding = 4; lastKnownFileType = sourcecode.swift; path = FirstUpViewController.swift; sourceTree = "<group>"; };
		8851DCE41C2F6FCD007EF73E /* ArrangeThemeTableViewController.swift */ = {isa = PBXFileReference; fileEncoding = 4; lastKnownFileType = sourcecode.swift; path = ArrangeThemeTableViewController.swift; sourceTree = "<group>"; };
		885DAD8B1C1B4DCB0015E154 /* ThemePickerViewController.swift */ = {isa = PBXFileReference; fileEncoding = 4; lastKnownFileType = sourcecode.swift; path = ThemePickerViewController.swift; sourceTree = "<group>"; };
		887ED9871BD541D900695C11 /* TitlesTableViewController.swift */ = {isa = PBXFileReference; fileEncoding = 4; lastKnownFileType = sourcecode.swift; name = TitlesTableViewController.swift; path = ../TitlesTableViewController.swift; sourceTree = "<group>"; };
		887ED9891BD5439600695C11 /* SearchCollationSupport.swift */ = {isa = PBXFileReference; fileEncoding = 4; lastKnownFileType = sourcecode.swift; name = SearchCollationSupport.swift; path = ../SearchCollationSupport.swift; sourceTree = "<group>"; };
		887ED98B1BD543FC00695C11 /* AdjustableFonts.swift */ = {isa = PBXFileReference; fileEncoding = 4; lastKnownFileType = sourcecode.swift; name = AdjustableFonts.swift; path = ../AdjustableFonts.swift; sourceTree = "<group>"; };
		8898ECA61C2B3F3C00FE8DBC /* Settings.storyboard */ = {isa = PBXFileReference; fileEncoding = 4; lastKnownFileType = file.storyboard; path = Settings.storyboard; sourceTree = "<group>"; };
		8898ECA81C2C5D1800FE8DBC /* ThemeArrangerViewController.swift */ = {isa = PBXFileReference; fileEncoding = 4; lastKnownFileType = sourcecode.swift; path = ThemeArrangerViewController.swift; sourceTree = SOURCE_ROOT; };
		8898ECAA1C2C6BDE00FE8DBC /* ArrangeThemeCollectionViewController.swift */ = {isa = PBXFileReference; fileEncoding = 4; lastKnownFileType = sourcecode.swift; path = ArrangeThemeCollectionViewController.swift; sourceTree = "<group>"; };
		889FB5BE1C1620A30056858F /* Chameleon.h */ = {isa = PBXFileReference; fileEncoding = 4; lastKnownFileType = sourcecode.c.h; path = Chameleon.h; sourceTree = "<group>"; };
		889FB5BF1C1620A30056858F /* Info.plist */ = {isa = PBXFileReference; fileEncoding = 4; lastKnownFileType = text.plist.xml; path = Info.plist; sourceTree = "<group>"; };
		889FB5C31C1621940056858F /* QuartzCore.framework */ = {isa = PBXFileReference; lastKnownFileType = wrapper.framework; name = QuartzCore.framework; path = System/Library/Frameworks/QuartzCore.framework; sourceTree = SDKROOT; };
		889FB5C51C16219D0056858F /* CoreGraphics.framework */ = {isa = PBXFileReference; lastKnownFileType = wrapper.framework; name = CoreGraphics.framework; path = System/Library/Frameworks/CoreGraphics.framework; sourceTree = SDKROOT; };
		889FB5C81C1622F20056858F /* Chameleon.h */ = {isa = PBXFileReference; fileEncoding = 4; lastKnownFileType = sourcecode.c.h; path = Chameleon.h; sourceTree = "<group>"; };
		889FB5C91C1622F20056858F /* Chameleon_.h */ = {isa = PBXFileReference; fileEncoding = 4; lastKnownFileType = sourcecode.c.h; path = Chameleon_.h; sourceTree = "<group>"; };
		889FB5CA1C1622F20056858F /* Chameleon_.m */ = {isa = PBXFileReference; fileEncoding = 4; lastKnownFileType = sourcecode.c.objc; path = Chameleon_.m; sourceTree = "<group>"; };
		889FB5CB1C1622F20056858F /* ChameleonConstants.h */ = {isa = PBXFileReference; fileEncoding = 4; lastKnownFileType = sourcecode.c.h; path = ChameleonConstants.h; sourceTree = "<group>"; };
		889FB5CC1C1622F20056858F /* ChameleonConstants.m */ = {isa = PBXFileReference; fileEncoding = 4; lastKnownFileType = sourcecode.c.objc; path = ChameleonConstants.m; sourceTree = "<group>"; };
		889FB5CD1C1622F20056858F /* ChameleonEnums.h */ = {isa = PBXFileReference; fileEncoding = 4; lastKnownFileType = sourcecode.c.h; path = ChameleonEnums.h; sourceTree = "<group>"; };
		889FB5CE1C1622F20056858F /* ChameleonMacros.h */ = {isa = PBXFileReference; fileEncoding = 4; lastKnownFileType = sourcecode.c.h; path = ChameleonMacros.h; sourceTree = "<group>"; };
		889FB5CF1C1622F20056858F /* NSArray+Chameleon.h */ = {isa = PBXFileReference; fileEncoding = 4; lastKnownFileType = sourcecode.c.h; path = "NSArray+Chameleon.h"; sourceTree = "<group>"; };
		889FB5D01C1622F20056858F /* NSArray+Chameleon.m */ = {isa = PBXFileReference; fileEncoding = 4; lastKnownFileType = sourcecode.c.objc; path = "NSArray+Chameleon.m"; sourceTree = "<group>"; };
		889FB5D11C1622F20056858F /* UIAppearance+Swift.h */ = {isa = PBXFileReference; fileEncoding = 4; lastKnownFileType = sourcecode.c.h; path = "UIAppearance+Swift.h"; sourceTree = "<group>"; };
		889FB5D21C1622F20056858F /* UIAppearance+Swift.m */ = {isa = PBXFileReference; fileEncoding = 4; lastKnownFileType = sourcecode.c.objc; path = "UIAppearance+Swift.m"; sourceTree = "<group>"; };
		889FB5D31C1622F20056858F /* UIButton+Chameleon.h */ = {isa = PBXFileReference; fileEncoding = 4; lastKnownFileType = sourcecode.c.h; path = "UIButton+Chameleon.h"; sourceTree = "<group>"; };
		889FB5D41C1622F20056858F /* UIButton+Chameleon.m */ = {isa = PBXFileReference; fileEncoding = 4; lastKnownFileType = sourcecode.c.objc; path = "UIButton+Chameleon.m"; sourceTree = "<group>"; };
		889FB5D51C1622F20056858F /* UIColor+Chameleon.h */ = {isa = PBXFileReference; fileEncoding = 4; lastKnownFileType = sourcecode.c.h; path = "UIColor+Chameleon.h"; sourceTree = "<group>"; };
		889FB5D61C1622F20056858F /* UIColor+Chameleon.m */ = {isa = PBXFileReference; fileEncoding = 4; lastKnownFileType = sourcecode.c.objc; path = "UIColor+Chameleon.m"; sourceTree = "<group>"; };
		889FB5D71C1622F20056858F /* UIColor+ChameleonPrivate.h */ = {isa = PBXFileReference; fileEncoding = 4; lastKnownFileType = sourcecode.c.h; path = "UIColor+ChameleonPrivate.h"; sourceTree = "<group>"; };
		889FB5D81C1622F20056858F /* UIColor+ChameleonPrivate.m */ = {isa = PBXFileReference; fileEncoding = 4; lastKnownFileType = sourcecode.c.objc; path = "UIColor+ChameleonPrivate.m"; sourceTree = "<group>"; };
		889FB5D91C1622F20056858F /* UIImage+ChameleonPrivate.h */ = {isa = PBXFileReference; fileEncoding = 4; lastKnownFileType = sourcecode.c.h; path = "UIImage+ChameleonPrivate.h"; sourceTree = "<group>"; };
		889FB5DA1C1622F20056858F /* UIImage+ChameleonPrivate.m */ = {isa = PBXFileReference; fileEncoding = 4; lastKnownFileType = sourcecode.c.objc; path = "UIImage+ChameleonPrivate.m"; sourceTree = "<group>"; };
		889FB5DB1C1622F20056858F /* UILabel+Chameleon.h */ = {isa = PBXFileReference; fileEncoding = 4; lastKnownFileType = sourcecode.c.h; path = "UILabel+Chameleon.h"; sourceTree = "<group>"; };
		889FB5DC1C1622F20056858F /* UILabel+Chameleon.m */ = {isa = PBXFileReference; fileEncoding = 4; lastKnownFileType = sourcecode.c.objc; path = "UILabel+Chameleon.m"; sourceTree = "<group>"; };
		889FB5DD1C1622F20056858F /* UINavigationController+Chameleon.h */ = {isa = PBXFileReference; fileEncoding = 4; lastKnownFileType = sourcecode.c.h; path = "UINavigationController+Chameleon.h"; sourceTree = "<group>"; };
		889FB5DE1C1622F20056858F /* UINavigationController+Chameleon.m */ = {isa = PBXFileReference; fileEncoding = 4; lastKnownFileType = sourcecode.c.objc; path = "UINavigationController+Chameleon.m"; sourceTree = "<group>"; };
		889FB5DF1C1622F20056858F /* UIView+ChameleonPrivate.h */ = {isa = PBXFileReference; fileEncoding = 4; lastKnownFileType = sourcecode.c.h; path = "UIView+ChameleonPrivate.h"; sourceTree = "<group>"; };
		889FB5E01C1622F20056858F /* UIView+ChameleonPrivate.m */ = {isa = PBXFileReference; fileEncoding = 4; lastKnownFileType = sourcecode.c.objc; path = "UIView+ChameleonPrivate.m"; sourceTree = "<group>"; };
		889FB5E11C1622F20056858F /* UIViewController+Chameleon.h */ = {isa = PBXFileReference; fileEncoding = 4; lastKnownFileType = sourcecode.c.h; path = "UIViewController+Chameleon.h"; sourceTree = "<group>"; };
		889FB5E21C1622F20056858F /* UIViewController+Chameleon.m */ = {isa = PBXFileReference; fileEncoding = 4; lastKnownFileType = sourcecode.c.objc; path = "UIViewController+Chameleon.m"; sourceTree = "<group>"; };
		889FB5F01C1623040056858F /* ChameleonShorthand.swift */ = {isa = PBXFileReference; fileEncoding = 4; lastKnownFileType = sourcecode.swift; path = ChameleonShorthand.swift; sourceTree = "<group>"; };
		889FB5F31C1648630056858F /* CHCSVParser.h */ = {isa = PBXFileReference; fileEncoding = 4; lastKnownFileType = sourcecode.c.h; path = CHCSVParser.h; sourceTree = "<group>"; };
		889FB5F41C1648630056858F /* CHCSVParser.m */ = {isa = PBXFileReference; fileEncoding = 4; lastKnownFileType = sourcecode.c.objc; path = CHCSVParser.m; sourceTree = "<group>"; };
		88B8B5691BBAEB7B00801F45 /* sc9.app */ = {isa = PBXFileReference; explicitFileType = wrapper.application; includeInIndex = 0; path = sc9.app; sourceTree = BUILT_PRODUCTS_DIR; };
		88B8B5731BBAEB7B00801F45 /* Assets.xcassets */ = {isa = PBXFileReference; lastKnownFileType = folder.assetcatalog; name = Assets.xcassets; path = sc9/Assets.xcassets; sourceTree = "<group>"; };
		88B8B5761BBAEB7B00801F45 /* Base */ = {isa = PBXFileReference; lastKnownFileType = file.storyboard; name = Base; path = Base.lproj/LaunchScreen.storyboard; sourceTree = "<group>"; };
		88B8B5781BBAEB7B00801F45 /* Info.plist */ = {isa = PBXFileReference; lastKnownFileType = text.plist.xml; name = Info.plist; path = sc9/Info.plist; sourceTree = "<group>"; };
		88B8B57F1BBAEBAC00801F45 /* ShootPhoto.swift */ = {isa = PBXFileReference; fileEncoding = 4; lastKnownFileType = sourcecode.swift; path = ShootPhoto.swift; sourceTree = "<group>"; };
		88B8B5801BBAEBAC00801F45 /* FontSizeAware.swift */ = {isa = PBXFileReference; fileEncoding = 4; lastKnownFileType = sourcecode.swift; path = FontSizeAware.swift; sourceTree = "<group>"; };
		88B8B5811BBAEBAC00801F45 /* SegueSupport.swift */ = {isa = PBXFileReference; fileEncoding = 4; lastKnownFileType = sourcecode.swift; path = SegueSupport.swift; sourceTree = "<group>"; };
		88B8B5821BBAEBAC00801F45 /* ModelData.swift */ = {isa = PBXFileReference; fileEncoding = 4; lastKnownFileType = sourcecode.swift; path = ModelData.swift; sourceTree = "<group>"; };
		88B8B5831BBAEBAC00801F45 /* AddedsViewController.swift */ = {isa = PBXFileReference; fileEncoding = 4; lastKnownFileType = sourcecode.swift; path = AddedsViewController.swift; sourceTree = "<group>"; };
		88B8B5841BBAEBAC00801F45 /* MegaListViewController.swift */ = {isa = PBXFileReference; fileEncoding = 4; lastKnownFileType = sourcecode.swift; path = MegaListViewController.swift; sourceTree = "<group>"; };
		88B8B5851BBAEBAC00801F45 /* ModalMenuViewController.swift */ = {isa = PBXFileReference; fileEncoding = 4; lastKnownFileType = sourcecode.swift; path = ModalMenuViewController.swift; sourceTree = "<group>"; };
		88B8B5861BBAEBAC00801F45 /* Modal2MenuViewController.swift */ = {isa = PBXFileReference; fileEncoding = 4; lastKnownFileType = sourcecode.swift; path = Modal2MenuViewController.swift; sourceTree = "<group>"; };
		88B8B5871BBAEBAC00801F45 /* TilesViewController.swift */ = {isa = PBXFileReference; fileEncoding = 4; lastKnownFileType = sourcecode.swift; path = TilesViewController.swift; sourceTree = "<group>"; };
		88B8B5881BBAEBAC00801F45 /* EditTilesViewController.swift */ = {isa = PBXFileReference; fileEncoding = 4; lastKnownFileType = sourcecode.swift; path = EditTilesViewController.swift; sourceTree = "<group>"; };
		88B8B5891BBAEBAC00801F45 /* TilePropertiesEditorViewController.swift */ = {isa = PBXFileReference; fileEncoding = 4; lastKnownFileType = sourcecode.swift; path = TilePropertiesEditorViewController.swift; sourceTree = "<group>"; };
		88B8B58A1BBAEBAC00801F45 /* RecentsViewController.swift */ = {isa = PBXFileReference; fileEncoding = 4; lastKnownFileType = sourcecode.swift; path = RecentsViewController.swift; sourceTree = "<group>"; };
		88B8B58B1BBAEBAC00801F45 /* Searching.swift */ = {isa = PBXFileReference; fileEncoding = 4; lastKnownFileType = sourcecode.swift; path = Searching.swift; sourceTree = "<group>"; };
		88B8B58C1BBAEBAC00801F45 /* SubEditorViewController.swift */ = {isa = PBXFileReference; fileEncoding = 4; lastKnownFileType = sourcecode.swift; path = SubEditorViewController.swift; sourceTree = "<group>"; };
		88B8B58D1BBAEBAC00801F45 /* SectionsEditorTableViewController.swift */ = {isa = PBXFileReference; fileEncoding = 4; lastKnownFileType = sourcecode.swift; path = SectionsEditorTableViewController.swift; sourceTree = "<group>"; };
		88B8B58E1BBAEBAC00801F45 /* ShowContentViewController.swift */ = {isa = PBXFileReference; fileEncoding = 4; lastKnownFileType = sourcecode.swift; path = ShowContentViewController.swift; sourceTree = "<group>"; };
		88B8B5A01BBAEBD200801F45 /* Main.storyboard */ = {isa = PBXFileReference; fileEncoding = 4; lastKnownFileType = file.storyboard; path = Main.storyboard; sourceTree = "<group>"; };
		88B8B5A41BBAEF8700801F45 /* Feelin Alright.pages */ = {isa = PBXFileReference; lastKnownFileType = file; name = "Feelin Alright.pages"; path = "sc9/Feelin Alright.pages"; sourceTree = "<group>"; };
		88B8B5A61BBAEF8700801F45 /* Smoke On The Water.doc */ = {isa = PBXFileReference; lastKnownFileType = file; name = "Smoke On The Water.doc"; path = "sc9/Smoke On The Water.doc"; sourceTree = "<group>"; };
		88B8B5A71BBAEF8700801F45 /* Smoke On The Water.jpg */ = {isa = PBXFileReference; lastKnownFileType = image.jpeg; name = "Smoke On The Water.jpg"; path = "sc9/Smoke On The Water.jpg"; sourceTree = "<group>"; };
		88B8B5AE1BBB6A5800801F45 /* PhotoGrabberViewController.swift */ = {isa = PBXFileReference; fileEncoding = 4; lastKnownFileType = sourcecode.swift; path = PhotoGrabberViewController.swift; sourceTree = "<group>"; };
		88C2CD011BCEDA7A00421203 /* Corpus.swift */ = {isa = PBXFileReference; fileEncoding = 4; lastKnownFileType = sourcecode.swift; path = Corpus.swift; sourceTree = "<group>"; };
		88C2CD031BCEDAAC00421203 /* FileStuff.swift */ = {isa = PBXFileReference; fileEncoding = 4; lastKnownFileType = sourcecode.swift; path = FileStuff.swift; sourceTree = "<group>"; };
		88C2CD051BCEDB2100421203 /* FileHash.h */ = {isa = PBXFileReference; fileEncoding = 4; lastKnownFileType = sourcecode.c.h; path = FileHash.h; sourceTree = "<group>"; };
		88C2CD061BCEDB2100421203 /* FileHash.m */ = {isa = PBXFileReference; fileEncoding = 4; lastKnownFileType = sourcecode.c.objc; path = FileHash.m; sourceTree = "<group>"; };
		88C2CD081BCEEBE400421203 /* SurfaceDataModel.swift */ = {isa = PBXFileReference; fileEncoding = 4; lastKnownFileType = sourcecode.swift; path = SurfaceDataModel.swift; sourceTree = "<group>"; };
		88C2CD0A1BCEF1E300421203 /* SpecialList.swift */ = {isa = PBXFileReference; fileEncoding = 4; lastKnownFileType = sourcecode.swift; path = SpecialList.swift; sourceTree = "<group>"; };
		88C2CD0B1BCEF1E300421203 /* Addeds.swift */ = {isa = PBXFileReference; fileEncoding = 4; lastKnownFileType = sourcecode.swift; path = Addeds.swift; sourceTree = "<group>"; };
		88C2CD0C1BCEF1E300421203 /* Recents.swift */ = {isa = PBXFileReference; fileEncoding = 4; lastKnownFileType = sourcecode.swift; path = Recents.swift; sourceTree = "<group>"; };
		88C2CD0D1BCEF1E300421203 /* InterAppCommunications.swift */ = {isa = PBXFileReference; fileEncoding = 4; lastKnownFileType = sourcecode.swift; path = InterAppCommunications.swift; sourceTree = "<group>"; };
		88C2CD121BCEF63E00421203 /* Tyle.swift */ = {isa = PBXFileReference; fileEncoding = 4; lastKnownFileType = sourcecode.swift; path = Tyle.swift; sourceTree = "<group>"; };
		88C2CD141BCEF66C00421203 /* CommonExtensions.swift */ = {isa = PBXFileReference; fileEncoding = 4; lastKnownFileType = sourcecode.swift; path = CommonExtensions.swift; sourceTree = "<group>"; };
		88C2CD1A1BD046F700421203 /* StartupAnimationViewController.swift */ = {isa = PBXFileReference; fileEncoding = 4; lastKnownFileType = sourcecode.swift; path = StartupAnimationViewController.swift; sourceTree = "<group>"; };
		88C2CD1C1BD047E900421203 /* ArcLayer.swift */ = {isa = PBXFileReference; fileEncoding = 4; lastKnownFileType = sourcecode.swift; name = ArcLayer.swift; path = ../ArcLayer.swift; sourceTree = "<group>"; };
		88C2CD1F1BD047E900421203 /* Colors.swift */ = {isa = PBXFileReference; fileEncoding = 4; lastKnownFileType = sourcecode.swift; name = Colors.swift; path = ../Colors.swift; sourceTree = "<group>"; };
		88C2CD211BD047E900421203 /* HolderView.swift */ = {isa = PBXFileReference; fileEncoding = 4; lastKnownFileType = sourcecode.swift; name = HolderView.swift; path = ../HolderView.swift; sourceTree = "<group>"; };
		88C2CD231BD047E900421203 /* OvalLayer.swift */ = {isa = PBXFileReference; fileEncoding = 4; lastKnownFileType = sourcecode.swift; name = OvalLayer.swift; path = ../OvalLayer.swift; sourceTree = "<group>"; };
		88C2CD251BD047E900421203 /* RectangleLayer.swift */ = {isa = PBXFileReference; fileEncoding = 4; lastKnownFileType = sourcecode.swift; name = RectangleLayer.swift; path = ../RectangleLayer.swift; sourceTree = "<group>"; };
		88C2CD261BD047E900421203 /* SwiftColorPickerViewController.swift */ = {isa = PBXFileReference; fileEncoding = 4; lastKnownFileType = sourcecode.swift; name = SwiftColorPickerViewController.swift; path = ../SwiftColorPickerViewController.swift; sourceTree = "<group>"; };
		88C2CD271BD047E900421203 /* TriangleLayer.swift */ = {isa = PBXFileReference; fileEncoding = 4; lastKnownFileType = sourcecode.swift; name = TriangleLayer.swift; path = ../TriangleLayer.swift; sourceTree = "<group>"; };
		88C2CD381BD04AF500421203 /* Persistence.swift */ = {isa = PBXFileReference; fileEncoding = 4; lastKnownFileType = sourcecode.swift; path = Persistence.swift; sourceTree = "<group>"; };
		88C2CD3A1BD04B2E00421203 /* Versions.swift */ = {isa = PBXFileReference; fileEncoding = 4; lastKnownFileType = sourcecode.swift; path = Versions.swift; sourceTree = "<group>"; };
		88C2CD3C1BD04BFB00421203 /* AppDelegate.swift */ = {isa = PBXFileReference; fileEncoding = 4; lastKnownFileType = sourcecode.swift; path = AppDelegate.swift; sourceTree = "<group>"; };
		88C2CD3E1BD0510F00421203 /* CommandProcessorViewController.swift */ = {isa = PBXFileReference; fileEncoding = 4; lastKnownFileType = sourcecode.swift; path = CommandProcessorViewController.swift; sourceTree = "<group>"; };
		88C2CD401BD0642100421203 /* Editing.storyboard */ = {isa = PBXFileReference; fileEncoding = 4; lastKnownFileType = file.storyboard; path = Editing.storyboard; sourceTree = "<group>"; };
		88C2CD441BD4196800421203 /* KeyPickerViewController.swift */ = {isa = PBXFileReference; fileEncoding = 4; lastKnownFileType = sourcecode.swift; name = KeyPickerViewController.swift; path = ../KeyPickerViewController.swift; sourceTree = "<group>"; };
		88C2CD481BD4198B00421203 /* AllDocsViewController.swift */ = {isa = PBXFileReference; fileEncoding = 4; lastKnownFileType = sourcecode.swift; name = AllDocsViewController.swift; path = ../AllDocsViewController.swift; sourceTree = "<group>"; };
		88C2CD4A1BD419AB00421203 /* SettingsViewController.swift */ = {isa = PBXFileReference; fileEncoding = 4; lastKnownFileType = sourcecode.swift; name = SettingsViewController.swift; path = ../SettingsViewController.swift; sourceTree = "<group>"; };
		88C2CD4C1BD419B700421203 /* TimingsPickerVIewController.swift */ = {isa = PBXFileReference; fileEncoding = 4; lastKnownFileType = sourcecode.swift; name = TimingsPickerVIewController.swift; path = ../TimingsPickerVIewController.swift; sourceTree = "<group>"; };
		88C2CD541BD435A400421203 /* SearchPick.swift */ = {isa = PBXFileReference; fileEncoding = 4; lastKnownFileType = sourcecode.swift; name = SearchPick.swift; path = ../SearchPick.swift; sourceTree = "<group>"; };
		88C5EAE71BF3E3CB005FAA88 /* libz.1.tbd */ = {isa = PBXFileReference; lastKnownFileType = "sourcecode.text-based-dylib-definition"; name = libz.1.tbd; path = usr/lib/libz.1.tbd; sourceTree = SDKROOT; };
		88C5EAE91BF3EED2005FAA88 /* TileNotFound.png */ = {isa = PBXFileReference; lastKnownFileType = image.png; path = TileNotFound.png; sourceTree = "<group>"; };
		88E15D061BBC17CB00254C6F /* Incorporator.swift */ = {isa = PBXFileReference; fileEncoding = 4; lastKnownFileType = sourcecode.swift; path = Incorporator.swift; sourceTree = "<group>"; };
		88E15D231BBC3DEB00254C6F /* sc9-Bridging-Header.h */ = {isa = PBXFileReference; lastKnownFileType = sourcecode.c.h; name = "sc9-Bridging-Header.h"; path = "sc9/sc9-Bridging-Header.h"; sourceTree = "<group>"; };
		88E15D241BBC3DEB00254C6F /* ZipMain.h */ = {isa = PBXFileReference; fileEncoding = 4; lastKnownFileType = sourcecode.c.h; name = ZipMain.h; path = ../sc9/ZipMain.h; sourceTree = "<group>"; };
		88E15D251BBC3DEB00254C6F /* ZipMain.m */ = {isa = PBXFileReference; fileEncoding = 4; lastKnownFileType = sourcecode.c.objc; name = ZipMain.m; path = ../sc9/ZipMain.m; sourceTree = "<group>"; };
		88E15D281BBC3E7500254C6F /* crypt.h */ = {isa = PBXFileReference; fileEncoding = 4; lastKnownFileType = sourcecode.c.h; path = crypt.h; sourceTree = "<group>"; };
		88E15D291BBC3E7500254C6F /* ioapi.c */ = {isa = PBXFileReference; fileEncoding = 4; lastKnownFileType = sourcecode.c.c; path = ioapi.c; sourceTree = "<group>"; };
		88E15D2A1BBC3E7500254C6F /* ioapi.h */ = {isa = PBXFileReference; fileEncoding = 4; lastKnownFileType = sourcecode.c.h; path = ioapi.h; sourceTree = "<group>"; };
		88E15D2B1BBC3E7500254C6F /* mztools.c */ = {isa = PBXFileReference; fileEncoding = 4; lastKnownFileType = sourcecode.c.c; path = mztools.c; sourceTree = "<group>"; };
		88E15D2C1BBC3E7500254C6F /* mztools.h */ = {isa = PBXFileReference; fileEncoding = 4; lastKnownFileType = sourcecode.c.h; path = mztools.h; sourceTree = "<group>"; };
		88E15D2D1BBC3E7500254C6F /* unzip.c */ = {isa = PBXFileReference; fileEncoding = 4; lastKnownFileType = sourcecode.c.c; path = unzip.c; sourceTree = "<group>"; };
		88E15D2E1BBC3E7500254C6F /* unzip.h */ = {isa = PBXFileReference; fileEncoding = 4; lastKnownFileType = sourcecode.c.h; path = unzip.h; sourceTree = "<group>"; };
		88E15D2F1BBC3E7500254C6F /* zip.c */ = {isa = PBXFileReference; fileEncoding = 4; lastKnownFileType = sourcecode.c.c; path = zip.c; sourceTree = "<group>"; };
		88E15D301BBC3E7500254C6F /* zip.h */ = {isa = PBXFileReference; fileEncoding = 4; lastKnownFileType = sourcecode.c.h; path = zip.h; sourceTree = "<group>"; };
		88E15D371BBC3F6400254C6F /* ImportShareViewController.swift */ = {isa = PBXFileReference; fileEncoding = 4; lastKnownFileType = sourcecode.swift; path = ImportShareViewController.swift; sourceTree = "<group>"; };
		88E15D391BBC4F9E00254C6F /* ChooseWebViewController.swift */ = {isa = PBXFileReference; fileEncoding = 4; lastKnownFileType = sourcecode.swift; path = ChooseWebViewController.swift; sourceTree = "<group>"; };
		88E15D3B1BBC7DB200254C6F /* CameraRollGrabberViewController.swift */ = {isa = PBXFileReference; fileEncoding = 4; lastKnownFileType = sourcecode.swift; path = CameraRollGrabberViewController.swift; sourceTree = "<group>"; };
/* End PBXFileReference section */

/* Begin PBXFrameworksBuildPhase section */
		88B8B5661BBAEB7B00801F45 /* Frameworks */ = {
			isa = PBXFrameworksBuildPhase;
			buildActionMask = 2147483647;
			files = (
				889FB5C61C16219D0056858F /* CoreGraphics.framework in Frameworks */,
				889FB5C41C1621940056858F /* QuartzCore.framework in Frameworks */,
				88C5EAE81BF3E3CB005FAA88 /* libz.1.tbd in Frameworks */,
			);
			runOnlyForDeploymentPostprocessing = 0;
		};
/* End PBXFrameworksBuildPhase section */

/* Begin PBXGroup section */
		889FB5BD1C1620A30056858F /* Chameleon */ = {
			isa = PBXGroup;
			children = (
				889FB5EF1C1623040056858F /* Swift */,
				889FB5C71C1622F20056858F /* Objective-C */,
				889FB5BE1C1620A30056858F /* Chameleon.h */,
				889FB5BF1C1620A30056858F /* Info.plist */,
			);
			path = Chameleon;
			sourceTree = "<group>";
		};
		889FB5C71C1622F20056858F /* Objective-C */ = {
			isa = PBXGroup;
			children = (
				889FB5C81C1622F20056858F /* Chameleon.h */,
				889FB5C91C1622F20056858F /* Chameleon_.h */,
				889FB5CA1C1622F20056858F /* Chameleon_.m */,
				889FB5CB1C1622F20056858F /* ChameleonConstants.h */,
				889FB5CC1C1622F20056858F /* ChameleonConstants.m */,
				889FB5CD1C1622F20056858F /* ChameleonEnums.h */,
				889FB5CE1C1622F20056858F /* ChameleonMacros.h */,
				889FB5CF1C1622F20056858F /* NSArray+Chameleon.h */,
				889FB5D01C1622F20056858F /* NSArray+Chameleon.m */,
				889FB5D11C1622F20056858F /* UIAppearance+Swift.h */,
				889FB5D21C1622F20056858F /* UIAppearance+Swift.m */,
				889FB5D31C1622F20056858F /* UIButton+Chameleon.h */,
				889FB5D41C1622F20056858F /* UIButton+Chameleon.m */,
				889FB5D51C1622F20056858F /* UIColor+Chameleon.h */,
				889FB5D61C1622F20056858F /* UIColor+Chameleon.m */,
				889FB5D71C1622F20056858F /* UIColor+ChameleonPrivate.h */,
				889FB5D81C1622F20056858F /* UIColor+ChameleonPrivate.m */,
				889FB5D91C1622F20056858F /* UIImage+ChameleonPrivate.h */,
				889FB5DA1C1622F20056858F /* UIImage+ChameleonPrivate.m */,
				889FB5DB1C1622F20056858F /* UILabel+Chameleon.h */,
				889FB5DC1C1622F20056858F /* UILabel+Chameleon.m */,
				889FB5DD1C1622F20056858F /* UINavigationController+Chameleon.h */,
				889FB5DE1C1622F20056858F /* UINavigationController+Chameleon.m */,
				889FB5DF1C1622F20056858F /* UIView+ChameleonPrivate.h */,
				889FB5E01C1622F20056858F /* UIView+ChameleonPrivate.m */,
				889FB5E11C1622F20056858F /* UIViewController+Chameleon.h */,
				889FB5E21C1622F20056858F /* UIViewController+Chameleon.m */,
			);
			path = "Objective-C";
			sourceTree = "<group>";
		};
		889FB5EF1C1623040056858F /* Swift */ = {
			isa = PBXGroup;
			children = (
				889FB5F01C1623040056858F /* ChameleonShorthand.swift */,
			);
			path = Swift;
			sourceTree = "<group>";
		};
		889FB5F21C1648630056858F /* CHCSVParser */ = {
			isa = PBXGroup;
			children = (
				889FB5F31C1648630056858F /* CHCSVParser.h */,
				889FB5F41C1648630056858F /* CHCSVParser.m */,
			);
			path = CHCSVParser;
			sourceTree = "<group>";
		};
		88B8B5601BBAEB7B00801F45 = {
			isa = PBXGroup;
			children = (
				889FB5F21C1648630056858F /* CHCSVParser */,
				889FB5C51C16219D0056858F /* CoreGraphics.framework */,
				889FB5C31C1621940056858F /* QuartzCore.framework */,
				889FB5BD1C1620A30056858F /* Chameleon */,
				88C5EAE71BF3E3CB005FAA88 /* libz.1.tbd */,
				88C2CD051BCEDB2100421203 /* FileHash.h */,
				88C2CD061BCEDB2100421203 /* FileHash.m */,
				88E15D231BBC3DEB00254C6F /* sc9-Bridging-Header.h */,
				88B8B5781BBAEB7B00801F45 /* Info.plist */,
				88B8B5731BBAEB7B00801F45 /* Assets.xcassets */,
				88C2CD001BCED7E500421203 /* UI */,
				88C2CCFF1BCED6EA00421203 /* data */,
				88E15D271BBC3E7500254C6F /* minizip */,
				88B8B56B1BBAEB7B00801F45 /* sc9 */,
				88B8B56A1BBAEB7B00801F45 /* Products */,
			);
			sourceTree = "<group>";
		};
		88B8B56A1BBAEB7B00801F45 /* Products */ = {
			isa = PBXGroup;
			children = (
				88B8B5691BBAEB7B00801F45 /* sc9.app */,
			);
			name = Products;
			sourceTree = "<group>";
		};
		88B8B56B1BBAEB7B00801F45 /* sc9 */ = {
			isa = PBXGroup;
			children = (
				88C5EAE41BEBB8BB005FAA88 /* OpeningAnimation */,
				88C2CD3C1BD04BFB00421203 /* AppDelegate.swift */,
				88504EB11C35DCF8004A8FA9 /* FirstUpViewController.swift */,
				88C2CD0B1BCEF1E300421203 /* Addeds.swift */,
				88B8B5831BBAEBAC00801F45 /* AddedsViewController.swift */,
				887ED98B1BD543FC00695C11 /* AdjustableFonts.swift */,
				88E15D3B1BBC7DB200254C6F /* CameraRollGrabberViewController.swift */,
				88C2CD481BD4198B00421203 /* AllDocsViewController.swift */,
				88E15D391BBC4F9E00254C6F /* ChooseWebViewController.swift */,
				88C2CD1F1BD047E900421203 /* Colors.swift */,
				88C2CD3E1BD0510F00421203 /* CommandProcessorViewController.swift */,
				88C2CD141BCEF66C00421203 /* CommonExtensions.swift */,
				88C2CD011BCEDA7A00421203 /* Corpus.swift */,
				882B2D111C2821D600013A7B /* DummyViewController.swift */,
				88B8B5881BBAEBAC00801F45 /* EditTilesViewController.swift */,
				88C2CD031BCEDAAC00421203 /* FileStuff.swift */,
				88B8B5801BBAEBAC00801F45 /* FontSizeAware.swift */,
				88E15D371BBC3F6400254C6F /* ImportShareViewController.swift */,
				88E15D061BBC17CB00254C6F /* Incorporator.swift */,
				88C2CD0D1BCEF1E300421203 /* InterAppCommunications.swift */,
				88C2CD441BD4196800421203 /* KeyPickerViewController.swift */,
				88B8B5841BBAEBAC00801F45 /* MegaListViewController.swift */,
				88B8B5821BBAEBAC00801F45 /* ModelData.swift */,
				88B8B5851BBAEBAC00801F45 /* ModalMenuViewController.swift */,
				88B8B5861BBAEBAC00801F45 /* Modal2MenuViewController.swift */,
				88C2CD381BD04AF500421203 /* Persistence.swift */,
				88B8B5AE1BBB6A5800801F45 /* PhotoGrabberViewController.swift */,
				88C2CD0C1BCEF1E300421203 /* Recents.swift */,
				88B8B58A1BBAEBAC00801F45 /* RecentsViewController.swift */,
				887ED9891BD5439600695C11 /* SearchCollationSupport.swift */,
				88C2CD541BD435A400421203 /* SearchPick.swift */,
				88B8B58B1BBAEBAC00801F45 /* Searching.swift */,
				88B8B58D1BBAEBAC00801F45 /* SectionsEditorTableViewController.swift */,
				880964F11C19D2EB00C5EBD3 /* SectionRenamorViewController.swift */,
				88B8B5811BBAEBAC00801F45 /* SegueSupport.swift */,
				88C2CD4A1BD419AB00421203 /* SettingsViewController.swift */,
				88B8B58E1BBAEBAC00801F45 /* ShowContentViewController.swift */,
				88B8B57F1BBAEBAC00801F45 /* ShootPhoto.swift */,
				88C2CD0A1BCEF1E300421203 /* SpecialList.swift */,
				88C2CD1A1BD046F700421203 /* StartupAnimationViewController.swift */,
				88B8B58C1BBAEBAC00801F45 /* SubEditorViewController.swift */,
				88C2CD081BCEEBE400421203 /* SurfaceDataModel.swift */,
				88C2CD261BD047E900421203 /* SwiftColorPickerViewController.swift */,
				8898ECAA1C2C6BDE00FE8DBC /* ArrangeThemeCollectionViewController.swift */,
				8851DCE41C2F6FCD007EF73E /* ArrangeThemeTableViewController.swift */,
				8898ECA81C2C5D1800FE8DBC /* ThemeArrangerViewController.swift */,
				885DAD8B1C1B4DCB0015E154 /* ThemePickerViewController.swift */,
				88B8B5891BBAEBAC00801F45 /* TilePropertiesEditorViewController.swift */,
				88B8B5871BBAEBAC00801F45 /* TilesViewController.swift */,
				88C2CD121BCEF63E00421203 /* Tyle.swift */,
				887ED9871BD541D900695C11 /* TitlesTableViewController.swift */,
				88C2CD4C1BD419B700421203 /* TimingsPickerVIewController.swift */,
				88C2CD3A1BD04B2E00421203 /* Versions.swift */,
			);
			path = sc9;
			sourceTree = "<group>";
		};
		88C2CCFF1BCED6EA00421203 /* data */ = {
			isa = PBXGroup;
			children = (
				88C5EAE91BF3EED2005FAA88 /* TileNotFound.png */,
				88B8B5A71BBAEF8700801F45 /* Smoke On The Water.jpg */,
				88B8B5A41BBAEF8700801F45 /* Feelin Alright.pages */,
				88B8B5A61BBAEF8700801F45 /* Smoke On The Water.doc */,
			);
			name = data;
			sourceTree = "<group>";
		};
		88C2CD001BCED7E500421203 /* UI */ = {
			isa = PBXGroup;
			children = (
				88B8B5A01BBAEBD200801F45 /* Main.storyboard */,
				88C2CD401BD0642100421203 /* Editing.storyboard */,
				880964F31C1B17F000C5EBD3 /* AddContent.storyboard */,
				88B8B5751BBAEB7B00801F45 /* LaunchScreen.storyboard */,
				8898ECA61C2B3F3C00FE8DBC /* Settings.storyboard */,
			);
			name = UI;
			path = sc9;
			sourceTree = "<group>";
		};
		88C5EAE41BEBB8BB005FAA88 /* OpeningAnimation */ = {
			isa = PBXGroup;
			children = (
				88C2CD1C1BD047E900421203 /* ArcLayer.swift */,
				88C2CD211BD047E900421203 /* HolderView.swift */,
				88C2CD231BD047E900421203 /* OvalLayer.swift */,
				88C2CD251BD047E900421203 /* RectangleLayer.swift */,
				88C2CD271BD047E900421203 /* TriangleLayer.swift */,
			);
			name = OpeningAnimation;
			sourceTree = "<group>";
		};
		88E15D271BBC3E7500254C6F /* minizip */ = {
			isa = PBXGroup;
			children = (
				88E15D241BBC3DEB00254C6F /* ZipMain.h */,
				88E15D251BBC3DEB00254C6F /* ZipMain.m */,
				88E15D281BBC3E7500254C6F /* crypt.h */,
				88E15D291BBC3E7500254C6F /* ioapi.c */,
				88E15D2A1BBC3E7500254C6F /* ioapi.h */,
				88E15D2B1BBC3E7500254C6F /* mztools.c */,
				88E15D2C1BBC3E7500254C6F /* mztools.h */,
				88E15D2D1BBC3E7500254C6F /* unzip.c */,
				88E15D2E1BBC3E7500254C6F /* unzip.h */,
				88E15D2F1BBC3E7500254C6F /* zip.c */,
				88E15D301BBC3E7500254C6F /* zip.h */,
			);
			path = minizip;
			sourceTree = "<group>";
		};
/* End PBXGroup section */

/* Begin PBXNativeTarget section */
		88B8B5681BBAEB7B00801F45 /* sc9 */ = {
			isa = PBXNativeTarget;
			buildConfigurationList = 88B8B57B1BBAEB7B00801F45 /* Build configuration list for PBXNativeTarget "sc9" */;
			buildPhases = (
				88B8B5651BBAEB7B00801F45 /* Sources */,
				88B8B5661BBAEB7B00801F45 /* Frameworks */,
				88B8B5671BBAEB7B00801F45 /* Resources */,
			);
			buildRules = (
			);
			dependencies = (
			);
			name = sc9;
			productName = sc9;
			productReference = 88B8B5691BBAEB7B00801F45 /* sc9.app */;
			productType = "com.apple.product-type.application";
		};
/* End PBXNativeTarget section */

/* Begin PBXProject section */
		88B8B5611BBAEB7B00801F45 /* Project object */ = {
			isa = PBXProject;
			attributes = {
				LastSwiftUpdateCheck = 0700;
				LastUpgradeCheck = 0700;
				ORGANIZATIONNAME = shovelreadyapps;
				TargetAttributes = {
					88B8B5681BBAEB7B00801F45 = {
						CreatedOnToolsVersion = 7.0;
						DevelopmentTeam = NEAY582ME4;
					};
				};
			};
			buildConfigurationList = 88B8B5641BBAEB7B00801F45 /* Build configuration list for PBXProject "sc9" */;
			compatibilityVersion = "Xcode 3.2";
			developmentRegion = English;
			hasScannedForEncodings = 0;
			knownRegions = (
				en,
				Base,
			);
			mainGroup = 88B8B5601BBAEB7B00801F45;
			productRefGroup = 88B8B56A1BBAEB7B00801F45 /* Products */;
			projectDirPath = "";
			projectRoot = "";
			targets = (
				88B8B5681BBAEB7B00801F45 /* sc9 */,
			);
		};
/* End PBXProject section */

/* Begin PBXResourcesBuildPhase section */
		88B8B5671BBAEB7B00801F45 /* Resources */ = {
			isa = PBXResourcesBuildPhase;
			buildActionMask = 2147483647;
			files = (
				88B8B5A81BBAEF8700801F45 /* Feelin Alright.pages in Resources */,
				88C2CD411BD0642100421203 /* Editing.storyboard in Resources */,
				88B8B5AB1BBAEF8700801F45 /* Smoke On The Water.jpg in Resources */,
				8898ECA71C2B3F3C00FE8DBC /* Settings.storyboard in Resources */,
				88B8B5A11BBAEBD200801F45 /* Main.storyboard in Resources */,
				88B8B5771BBAEB7B00801F45 /* LaunchScreen.storyboard in Resources */,
				88C5EAEA1BF3EED2005FAA88 /* TileNotFound.png in Resources */,
				880964F41C1B17F000C5EBD3 /* AddContent.storyboard in Resources */,
				88B8B5AA1BBAEF8700801F45 /* Smoke On The Water.doc in Resources */,
				889FB5C01C1620A30056858F /* Info.plist in Resources */,
				88B8B5741BBAEB7B00801F45 /* Assets.xcassets in Resources */,
			);
			runOnlyForDeploymentPostprocessing = 0;
		};
/* End PBXResourcesBuildPhase section */

/* Begin PBXSourcesBuildPhase section */
		88B8B5651BBAEB7B00801F45 /* Sources */ = {
			isa = PBXSourcesBuildPhase;
			buildActionMask = 2147483647;
			files = (
				889FB5E71C1622F20056858F /* UIButton+Chameleon.m in Sources */,
				880964F21C19D2EB00C5EBD3 /* SectionRenamorViewController.swift in Sources */,
				88C2CD2E1BD047EA00421203 /* HolderView.swift in Sources */,
				88B8B59E1BBAEBAC00801F45 /* SectionsEditorTableViewController.swift in Sources */,
				88C2CD301BD047EA00421203 /* OvalLayer.swift in Sources */,
				889FB5E41C1622F20056858F /* ChameleonConstants.m in Sources */,
				8851DCE51C2F6FCD007EF73E /* ArrangeThemeTableViewController.swift in Sources */,
				88E15D3C1BBC7DB200254C6F /* CameraRollGrabberViewController.swift in Sources */,
				88B8B5961BBAEBAC00801F45 /* ModalMenuViewController.swift in Sources */,
				887ED9881BD541D900695C11 /* TitlesTableViewController.swift in Sources */,
				88C2CD3B1BD04B2E00421203 /* Versions.swift in Sources */,
				88C2CD0E1BCEF1E300421203 /* SpecialList.swift in Sources */,
				8898ECAB1C2C6BDE00FE8DBC /* ArrangeThemeCollectionViewController.swift in Sources */,
				88C2CD3D1BD04BFB00421203 /* AppDelegate.swift in Sources */,
				88E15D071BBC17CB00254C6F /* Incorporator.swift in Sources */,
				88E15D331BBC3E7500254C6F /* unzip.c in Sources */,
				889FB5E81C1622F20056858F /* UIColor+Chameleon.m in Sources */,
				88C2CD111BCEF1E300421203 /* InterAppCommunications.swift in Sources */,
				88C2CD0F1BCEF1E300421203 /* Addeds.swift in Sources */,
				88C2CD321BD047EA00421203 /* RectangleLayer.swift in Sources */,
				889FB5E61C1622F20056858F /* UIAppearance+Swift.m in Sources */,
				88C2CD2C1BD047EA00421203 /* Colors.swift in Sources */,
				88C2CD151BCEF66C00421203 /* CommonExtensions.swift in Sources */,
				88B8B59A1BBAEBAC00801F45 /* TilePropertiesEditorViewController.swift in Sources */,
				8898ECA91C2C5D1800FE8DBC /* ThemeArrangerViewController.swift in Sources */,
				88B8B59F1BBAEBAC00801F45 /* ShowContentViewController.swift in Sources */,
				889FB5E91C1622F20056858F /* UIColor+ChameleonPrivate.m in Sources */,
				88C2CD091BCEEBE400421203 /* SurfaceDataModel.swift in Sources */,
				88C2CD021BCEDA7A00421203 /* Corpus.swift in Sources */,
				889FB5E51C1622F20056858F /* NSArray+Chameleon.m in Sources */,
				88C2CD4B1BD419AB00421203 /* SettingsViewController.swift in Sources */,
				887ED98A1BD5439700695C11 /* SearchCollationSupport.swift in Sources */,
				887ED98C1BD543FC00695C11 /* AdjustableFonts.swift in Sources */,
				88C2CD291BD047EA00421203 /* ArcLayer.swift in Sources */,
				88C2CD551BD435A400421203 /* SearchPick.swift in Sources */,
				88B8B59B1BBAEBAC00801F45 /* RecentsViewController.swift in Sources */,
				88C2CD331BD047EA00421203 /* SwiftColorPickerViewController.swift in Sources */,
				88B8B5911BBAEBAC00801F45 /* FontSizeAware.swift in Sources */,
				889FB5E31C1622F20056858F /* Chameleon_.m in Sources */,
				88E15D321BBC3E7500254C6F /* mztools.c in Sources */,
				88B8B5921BBAEBAC00801F45 /* SegueSupport.swift in Sources */,
				88C2CD071BCEDB2100421203 /* FileHash.m in Sources */,
				88E15D341BBC3E7500254C6F /* zip.c in Sources */,
				88C5EAE51BEBBB3A005FAA88 /* AllDocsViewController.swift in Sources */,
				889FB5F11C1623040056858F /* ChameleonShorthand.swift in Sources */,
				88B8B5941BBAEBAC00801F45 /* AddedsViewController.swift in Sources */,
				88C2CD451BD4196800421203 /* KeyPickerViewController.swift in Sources */,
				889FB5F51C1648630056858F /* CHCSVParser.m in Sources */,
				88B8B5901BBAEBAC00801F45 /* ShootPhoto.swift in Sources */,
				88E15D381BBC3F6400254C6F /* ImportShareViewController.swift in Sources */,
				889FB5EA1C1622F20056858F /* UIImage+ChameleonPrivate.m in Sources */,
				88C2CD041BCEDAAC00421203 /* FileStuff.swift in Sources */,
				88B8B59D1BBAEBAC00801F45 /* SubEditorViewController.swift in Sources */,
				88B8B5AF1BBB6A5800801F45 /* PhotoGrabberViewController.swift in Sources */,
				88C2CD391BD04AF500421203 /* Persistence.swift in Sources */,
				889FB5EC1C1622F20056858F /* UINavigationController+Chameleon.m in Sources */,
				88B8B5981BBAEBAC00801F45 /* TilesViewController.swift in Sources */,
				88C2CD131BCEF63E00421203 /* Tyle.swift in Sources */,
				88C2CD341BD047EA00421203 /* TriangleLayer.swift in Sources */,
				88C2CD4D1BD419B700421203 /* TimingsPickerVIewController.swift in Sources */,
				88504EB21C35DCF8004A8FA9 /* FirstUpViewController.swift in Sources */,
				88B8B5971BBAEBAC00801F45 /* Modal2MenuViewController.swift in Sources */,
				889FB5ED1C1622F20056858F /* UIView+ChameleonPrivate.m in Sources */,
				88E15D311BBC3E7500254C6F /* ioapi.c in Sources */,
				88B8B5991BBAEBAC00801F45 /* EditTilesViewController.swift in Sources */,
				889FB5EE1C1622F20056858F /* UIViewController+Chameleon.m in Sources */,
				88E15D3A1BBC4F9E00254C6F /* ChooseWebViewController.swift in Sources */,
				889FB5EB1C1622F20056858F /* UILabel+Chameleon.m in Sources */,
				882B2D121C2821D600013A7B /* DummyViewController.swift in Sources */,
				88C2CD1B1BD046F700421203 /* StartupAnimationViewController.swift in Sources */,
				88C2CD3F1BD0510F00421203 /* CommandProcessorViewController.swift in Sources */,
				885DAD8C1C1B4DCB0015E154 /* ThemePickerViewController.swift in Sources */,
				88B8B5931BBAEBAC00801F45 /* ModelData.swift in Sources */,
				88B8B59C1BBAEBAC00801F45 /* Searching.swift in Sources */,
				88E15D261BBC3DEB00254C6F /* ZipMain.m in Sources */,
				88C2CD101BCEF1E300421203 /* Recents.swift in Sources */,
				88B8B5951BBAEBAC00801F45 /* MegaListViewController.swift in Sources */,
			);
			runOnlyForDeploymentPostprocessing = 0;
		};
/* End PBXSourcesBuildPhase section */

/* Begin PBXVariantGroup section */
		88B8B5751BBAEB7B00801F45 /* LaunchScreen.storyboard */ = {
			isa = PBXVariantGroup;
			children = (
				88B8B5761BBAEB7B00801F45 /* Base */,
			);
			name = LaunchScreen.storyboard;
			sourceTree = "<group>";
		};
/* End PBXVariantGroup section */

/* Begin XCBuildConfiguration section */
		88B8B5791BBAEB7B00801F45 /* Debug */ = {
			isa = XCBuildConfiguration;
			buildSettings = {
				ALWAYS_SEARCH_USER_PATHS = NO;
				CLANG_CXX_LANGUAGE_STANDARD = "gnu++0x";
				CLANG_CXX_LIBRARY = "libc++";
				CLANG_ENABLE_MODULES = YES;
				CLANG_ENABLE_OBJC_ARC = YES;
				CLANG_WARN_BOOL_CONVERSION = YES;
				CLANG_WARN_CONSTANT_CONVERSION = YES;
				CLANG_WARN_DIRECT_OBJC_ISA_USAGE = YES_ERROR;
				CLANG_WARN_EMPTY_BODY = YES;
				CLANG_WARN_ENUM_CONVERSION = YES;
				CLANG_WARN_INT_CONVERSION = YES;
				CLANG_WARN_OBJC_ROOT_CLASS = YES_ERROR;
				CLANG_WARN_UNREACHABLE_CODE = YES;
				CLANG_WARN__DUPLICATE_METHOD_MATCH = YES;
				"CODE_SIGN_IDENTITY[sdk=iphoneos*]" = "iPhone Developer";
				COPY_PHASE_STRIP = NO;
				DEBUG_INFORMATION_FORMAT = dwarf;
				ENABLE_STRICT_OBJC_MSGSEND = YES;
				ENABLE_TESTABILITY = YES;
				GCC_C_LANGUAGE_STANDARD = gnu99;
				GCC_DYNAMIC_NO_PIC = NO;
				GCC_NO_COMMON_BLOCKS = YES;
				GCC_OPTIMIZATION_LEVEL = 0;
				GCC_PREPROCESSOR_DEFINITIONS = (
					"DEBUG=1",
					"$(inherited)",
				);
				GCC_WARN_64_TO_32_BIT_CONVERSION = YES;
				GCC_WARN_ABOUT_RETURN_TYPE = YES_ERROR;
				GCC_WARN_UNDECLARED_SELECTOR = YES;
				GCC_WARN_UNINITIALIZED_AUTOS = YES_AGGRESSIVE;
				GCC_WARN_UNUSED_FUNCTION = YES;
				GCC_WARN_UNUSED_VARIABLE = YES;
				IPHONEOS_DEPLOYMENT_TARGET = 9.0;
				MTL_ENABLE_DEBUG_INFO = YES;
				ONLY_ACTIVE_ARCH = YES;
				SDKROOT = iphoneos;
				SWIFT_OPTIMIZATION_LEVEL = "-Onone";
				TARGETED_DEVICE_FAMILY = "1,2";
			};
			name = Debug;
		};
		88B8B57A1BBAEB7B00801F45 /* Release */ = {
			isa = XCBuildConfiguration;
			buildSettings = {
				ALWAYS_SEARCH_USER_PATHS = NO;
				CLANG_CXX_LANGUAGE_STANDARD = "gnu++0x";
				CLANG_CXX_LIBRARY = "libc++";
				CLANG_ENABLE_MODULES = YES;
				CLANG_ENABLE_OBJC_ARC = YES;
				CLANG_WARN_BOOL_CONVERSION = YES;
				CLANG_WARN_CONSTANT_CONVERSION = YES;
				CLANG_WARN_DIRECT_OBJC_ISA_USAGE = YES_ERROR;
				CLANG_WARN_EMPTY_BODY = YES;
				CLANG_WARN_ENUM_CONVERSION = YES;
				CLANG_WARN_INT_CONVERSION = YES;
				CLANG_WARN_OBJC_ROOT_CLASS = YES_ERROR;
				CLANG_WARN_UNREACHABLE_CODE = YES;
				CLANG_WARN__DUPLICATE_METHOD_MATCH = YES;
				"CODE_SIGN_IDENTITY[sdk=iphoneos*]" = "iPhone Developer";
				COPY_PHASE_STRIP = NO;
				DEBUG_INFORMATION_FORMAT = "dwarf-with-dsym";
				ENABLE_NS_ASSERTIONS = NO;
				ENABLE_STRICT_OBJC_MSGSEND = YES;
				GCC_C_LANGUAGE_STANDARD = gnu99;
				GCC_NO_COMMON_BLOCKS = YES;
				GCC_WARN_64_TO_32_BIT_CONVERSION = YES;
				GCC_WARN_ABOUT_RETURN_TYPE = YES_ERROR;
				GCC_WARN_UNDECLARED_SELECTOR = YES;
				GCC_WARN_UNINITIALIZED_AUTOS = YES_AGGRESSIVE;
				GCC_WARN_UNUSED_FUNCTION = YES;
				GCC_WARN_UNUSED_VARIABLE = YES;
				IPHONEOS_DEPLOYMENT_TARGET = 9.0;
				MTL_ENABLE_DEBUG_INFO = NO;
				SDKROOT = iphoneos;
				TARGETED_DEVICE_FAMILY = "1,2";
				VALIDATE_PRODUCT = YES;
			};
			name = Release;
		};
		88B8B57C1BBAEB7B00801F45 /* Debug */ = {
			isa = XCBuildConfiguration;
			buildSettings = {
				ASSETCATALOG_COMPILER_APPICON_NAME = AppIcon;
				CLANG_ENABLE_MODULES = YES;
				CODE_SIGN_IDENTITY = "iPhone Developer";
				INFOPLIST_FILE = sc9/Info.plist;
				LD_RUNPATH_SEARCH_PATHS = "$(inherited) @executable_path/Frameworks";
				PRODUCT_BUNDLE_IDENTIFIER = com.billdonner.useractivity.song;
				PRODUCT_NAME = "$(TARGET_NAME)";
				SWIFT_OBJC_BRIDGING_HEADER = "sc9/sc9-Bridging-Header.h";
				SWIFT_OPTIMIZATION_LEVEL = "-Onone";
			};
			name = Debug;
		};
		88B8B57D1BBAEB7B00801F45 /* Release */ = {
			isa = XCBuildConfiguration;
			buildSettings = {
				ASSETCATALOG_COMPILER_APPICON_NAME = AppIcon;
				CLANG_ENABLE_MODULES = YES;
				CODE_SIGN_IDENTITY = "iPhone Developer";
				INFOPLIST_FILE = sc9/Info.plist;
				LD_RUNPATH_SEARCH_PATHS = "$(inherited) @executable_path/Frameworks";
				PRODUCT_BUNDLE_IDENTIFIER = com.billdonner.useractivity.song;
				PRODUCT_NAME = "$(TARGET_NAME)";
				SWIFT_OBJC_BRIDGING_HEADER = "sc9/sc9-Bridging-Header.h";
			};
			name = Release;
		};
/* End XCBuildConfiguration section */

/* Begin XCConfigurationList section */
		88B8B5641BBAEB7B00801F45 /* Build configuration list for PBXProject "sc9" */ = {
			isa = XCConfigurationList;
			buildConfigurations = (
				88B8B5791BBAEB7B00801F45 /* Debug */,
				88B8B57A1BBAEB7B00801F45 /* Release */,
			);
			defaultConfigurationIsVisible = 0;
			defaultConfigurationName = Release;
		};
		88B8B57B1BBAEB7B00801F45 /* Build configuration list for PBXNativeTarget "sc9" */ = {
			isa = XCConfigurationList;
			buildConfigurations = (
				88B8B57C1BBAEB7B00801F45 /* Debug */,
				88B8B57D1BBAEB7B00801F45 /* Release */,
			);
			defaultConfigurationIsVisible = 0;
			defaultConfigurationName = Release;
		};
/* End XCConfigurationList section */
	};
	rootObject = 88B8B5611BBAEB7B00801F45 /* Project object */;
}
